
Microsoft Visual Studio Solution File, Format Version 12.00
# Visual Studio Version 17
VisualStudioVersion = 17.7.34024.191
MinimumVisualStudioVersion = 10.0.40219.1
Project("{FAE04EC0-301F-11D3-BF4B-00C04F79EFBC}") = "InfobarAPI", "InfobarAPI.csproj", "{97BAE614-D9D3-4F05-B148-82CC1D757340}"
EndProject
Global
	GlobalSection(SolutionConfigurationPlatforms) = preSolution
		Debug|Any CPU = Debug|Any CPU
		Release|Any CPU = Release|Any CPU
	EndGlobalSection
	GlobalSection(ProjectConfigurationPlatforms) = postSolution
		{97BAE614-D9D3-4F05-B148-82CC1D757340}.Debug|Any CPU.ActiveCfg = Debug|Any CPU
		{97BAE614-D9D3-4F05-B148-82CC1D757340}.Debug|Any CPU.Build.0 = Debug|Any CPU
		{97BAE614-D9D3-4F05-B148-82CC1D757340}.Release|Any CPU.ActiveCfg = Release|Any CPU
		{97BAE614-D9D3-4F05-B148-82CC1D757340}.Release|Any CPU.Build.0 = Release|Any CPU
	EndGlobalSection
	GlobalSection(SolutionProperties) = preSolution
		HideSolutionNode = FALSE
	EndGlobalSection
	GlobalSection(ExtensibilityGlobals) = postSolution
		SolutionGuid = {A62CF194-277B-41F5-80BB-9EA92F6B291A}
	EndGlobalSection
EndGlobal
